// !$*UTF8*$!
{
	archiveVersion = 1;
	classes = {
	};
	objectVersion = 46;
	objects = {

/* Begin PBXBuildFile section */
		4B3A65271CF28DB100BF7A26 /* AppDelegate.swift in Sources */ = {isa = PBXBuildFile; fileRef = 4B3A65261CF28DB100BF7A26 /* AppDelegate.swift */; };
		4B3A65291CF28DB100BF7A26 /* ViewController.swift in Sources */ = {isa = PBXBuildFile; fileRef = 4B3A65281CF28DB100BF7A26 /* ViewController.swift */; };
		4B3A652C1CF28DB100BF7A26 /* Main.storyboard in Resources */ = {isa = PBXBuildFile; fileRef = 4B3A652A1CF28DB100BF7A26 /* Main.storyboard */; };
		4B3A652E1CF28DB100BF7A26 /* Assets.xcassets in Resources */ = {isa = PBXBuildFile; fileRef = 4B3A652D1CF28DB100BF7A26 /* Assets.xcassets */; };
		4B3A65311CF28DB100BF7A26 /* LaunchScreen.storyboard in Resources */ = {isa = PBXBuildFile; fileRef = 4B3A652F1CF28DB100BF7A26 /* LaunchScreen.storyboard */; };
		4B3A653C1CF28DB100BF7A26 /* SearchBarControllerTests.swift in Sources */ = {isa = PBXBuildFile; fileRef = 4B3A653B1CF28DB100BF7A26 /* SearchBarControllerTests.swift */; };
		4B3A65471CF28DB100BF7A26 /* SearchBarControllerUITests.swift in Sources */ = {isa = PBXBuildFile; fileRef = 4B3A65461CF28DB100BF7A26 /* SearchBarControllerUITests.swift */; };
/* End PBXBuildFile section */

/* Begin PBXContainerItemProxy section */
		4B3A65381CF28DB100BF7A26 /* PBXContainerItemProxy */ = {
			isa = PBXContainerItemProxy;
			containerPortal = 4B3A651B1CF28DB100BF7A26 /* Project object */;
			proxyType = 1;
			remoteGlobalIDString = 4B3A65221CF28DB100BF7A26;
			remoteInfo = SearchBarController;
		};
		4B3A65431CF28DB100BF7A26 /* PBXContainerItemProxy */ = {
			isa = PBXContainerItemProxy;
			containerPortal = 4B3A651B1CF28DB100BF7A26 /* Project object */;
			proxyType = 1;
			remoteGlobalIDString = 4B3A65221CF28DB100BF7A26;
			remoteInfo = SearchBarController;
		};
/* End PBXContainerItemProxy section */

/* Begin PBXFileReference section */
		4B3A65231CF28DB100BF7A26 /* SearchBarController.app */ = {isa = PBXFileReference; explicitFileType = wrapper.application; includeInIndex = 0; path = SearchBarController.app; sourceTree = BUILT_PRODUCTS_DIR; };
		4B3A65261CF28DB100BF7A26 /* AppDelegate.swift */ = {isa = PBXFileReference; lastKnownFileType = sourcecode.swift; path = AppDelegate.swift; sourceTree = "<group>"; };
		4B3A65281CF28DB100BF7A26 /* ViewController.swift */ = {isa = PBXFileReference; lastKnownFileType = sourcecode.swift; path = ViewController.swift; sourceTree = "<group>"; };
		4B3A652B1CF28DB100BF7A26 /* Base */ = {isa = PBXFileReference; lastKnownFileType = file.storyboard; name = Base; path = Base.lproj/Main.storyboard; sourceTree = "<group>"; };
		4B3A652D1CF28DB100BF7A26 /* Assets.xcassets */ = {isa = PBXFileReference; lastKnownFileType = folder.assetcatalog; path = Assets.xcassets; sourceTree = "<group>"; };
		4B3A65301CF28DB100BF7A26 /* Base */ = {isa = PBXFileReference; lastKnownFileType = file.storyboard; name = Base; path = Base.lproj/LaunchScreen.storyboard; sourceTree = "<group>"; };
		4B3A65321CF28DB100BF7A26 /* Info.plist */ = {isa = PBXFileReference; lastKnownFileType = text.plist.xml; path = Info.plist; sourceTree = "<group>"; };
		4B3A65371CF28DB100BF7A26 /* SearchBarControllerTests.xctest */ = {isa = PBXFileReference; explicitFileType = wrapper.cfbundle; includeInIndex = 0; path = SearchBarControllerTests.xctest; sourceTree = BUILT_PRODUCTS_DIR; };
		4B3A653B1CF28DB100BF7A26 /* SearchBarControllerTests.swift */ = {isa = PBXFileReference; lastKnownFileType = sourcecode.swift; path = SearchBarControllerTests.swift; sourceTree = "<group>"; };
		4B3A653D1CF28DB100BF7A26 /* Info.plist */ = {isa = PBXFileReference; lastKnownFileType = text.plist.xml; path = Info.plist; sourceTree = "<group>"; };
		4B3A65421CF28DB100BF7A26 /* SearchBarControllerUITests.xctest */ = {isa = PBXFileReference; explicitFileType = wrapper.cfbundle; includeInIndex = 0; path = SearchBarControllerUITests.xctest; sourceTree = BUILT_PRODUCTS_DIR; };
		4B3A65461CF28DB100BF7A26 /* SearchBarControllerUITests.swift */ = {isa = PBXFileReference; lastKnownFileType = sourcecode.swift; path = SearchBarControllerUITests.swift; sourceTree = "<group>"; };
		4B3A65481CF28DB100BF7A26 /* Info.plist */ = {isa = PBXFileReference; lastKnownFileType = text.plist.xml; path = Info.plist; sourceTree = "<group>"; };
/* End PBXFileReference section */

/* Begin PBXFrameworksBuildPhase section */
		4B3A65201CF28DB100BF7A26 /* Frameworks */ = {
			isa = PBXFrameworksBuildPhase;
			buildActionMask = 2147483647;
			files = (
			);
			runOnlyForDeploymentPostprocessing = 0;
		};
		4B3A65341CF28DB100BF7A26 /* Frameworks */ = {
			isa = PBXFrameworksBuildPhase;
			buildActionMask = 2147483647;
			files = (
			);
			runOnlyForDeploymentPostprocessing = 0;
		};
		4B3A653F1CF28DB100BF7A26 /* Frameworks */ = {
			isa = PBXFrameworksBuildPhase;
			buildActionMask = 2147483647;
			files = (
			);
			runOnlyForDeploymentPostprocessing = 0;
		};
/* End PBXFrameworksBuildPhase section */

/* Begin PBXGroup section */
		4B3A651A1CF28DB100BF7A26 = {
			isa = PBXGroup;
			children = (
				4B3A65251CF28DB100BF7A26 /* SearchBarController */,
				4B3A653A1CF28DB100BF7A26 /* SearchBarControllerTests */,
				4B3A65451CF28DB100BF7A26 /* SearchBarControllerUITests */,
				4B3A65241CF28DB100BF7A26 /* Products */,
			);
			sourceTree = "<group>";
		};
		4B3A65241CF28DB100BF7A26 /* Products */ = {
			isa = PBXGroup;
			children = (
				4B3A65231CF28DB100BF7A26 /* SearchBarController.app */,
				4B3A65371CF28DB100BF7A26 /* SearchBarControllerTests.xctest */,
				4B3A65421CF28DB100BF7A26 /* SearchBarControllerUITests.xctest */,
			);
			name = Products;
			sourceTree = "<group>";
		};
		4B3A65251CF28DB100BF7A26 /* SearchBarController */ = {
			isa = PBXGroup;
			children = (
				4B3A65261CF28DB100BF7A26 /* AppDelegate.swift */,
				4B3A65281CF28DB100BF7A26 /* ViewController.swift */,
				4B3A652A1CF28DB100BF7A26 /* Main.storyboard */,
				4B3A652D1CF28DB100BF7A26 /* Assets.xcassets */,
				4B3A652F1CF28DB100BF7A26 /* LaunchScreen.storyboard */,
				4B3A65321CF28DB100BF7A26 /* Info.plist */,
			);
			path = SearchBarController;
			sourceTree = "<group>";
		};
		4B3A653A1CF28DB100BF7A26 /* SearchBarControllerTests */ = {
			isa = PBXGroup;
			children = (
				4B3A653B1CF28DB100BF7A26 /* SearchBarControllerTests.swift */,
				4B3A653D1CF28DB100BF7A26 /* Info.plist */,
			);
			path = SearchBarControllerTests;
			sourceTree = "<group>";
		};
		4B3A65451CF28DB100BF7A26 /* SearchBarControllerUITests */ = {
			isa = PBXGroup;
			children = (
				4B3A65461CF28DB100BF7A26 /* SearchBarControllerUITests.swift */,
				4B3A65481CF28DB100BF7A26 /* Info.plist */,
			);
			path = SearchBarControllerUITests;
			sourceTree = "<group>";
		};
/* End PBXGroup section */

/* Begin PBXNativeTarget section */
		4B3A65221CF28DB100BF7A26 /* SearchBarController */ = {
			isa = PBXNativeTarget;
			buildConfigurationList = 4B3A654B1CF28DB100BF7A26 /* Build configuration list for PBXNativeTarget "SearchBarController" */;
			buildPhases = (
				4B3A651F1CF28DB100BF7A26 /* Sources */,
				4B3A65201CF28DB100BF7A26 /* Frameworks */,
				4B3A65211CF28DB100BF7A26 /* Resources */,
			);
			buildRules = (
			);
			dependencies = (
			);
			name = SearchBarController;
			productName = SearchBarController;
			productReference = 4B3A65231CF28DB100BF7A26 /* SearchBarController.app */;
			productType = "com.apple.product-type.application";
		};
		4B3A65361CF28DB100BF7A26 /* SearchBarControllerTests */ = {
			isa = PBXNativeTarget;
			buildConfigurationList = 4B3A654E1CF28DB100BF7A26 /* Build configuration list for PBXNativeTarget "SearchBarControllerTests" */;
			buildPhases = (
				4B3A65331CF28DB100BF7A26 /* Sources */,
				4B3A65341CF28DB100BF7A26 /* Frameworks */,
				4B3A65351CF28DB100BF7A26 /* Resources */,
			);
			buildRules = (
			);
			dependencies = (
				4B3A65391CF28DB100BF7A26 /* PBXTargetDependency */,
			);
			name = SearchBarControllerTests;
			productName = SearchBarControllerTests;
			productReference = 4B3A65371CF28DB100BF7A26 /* SearchBarControllerTests.xctest */;
			productType = "com.apple.product-type.bundle.unit-test";
		};
		4B3A65411CF28DB100BF7A26 /* SearchBarControllerUITests */ = {
			isa = PBXNativeTarget;
			buildConfigurationList = 4B3A65511CF28DB100BF7A26 /* Build configuration list for PBXNativeTarget "SearchBarControllerUITests" */;
			buildPhases = (
				4B3A653E1CF28DB100BF7A26 /* Sources */,
				4B3A653F1CF28DB100BF7A26 /* Frameworks */,
				4B3A65401CF28DB100BF7A26 /* Resources */,
			);
			buildRules = (
			);
			dependencies = (
				4B3A65441CF28DB100BF7A26 /* PBXTargetDependency */,
			);
			name = SearchBarControllerUITests;
			productName = SearchBarControllerUITests;
			productReference = 4B3A65421CF28DB100BF7A26 /* SearchBarControllerUITests.xctest */;
			productType = "com.apple.product-type.bundle.ui-testing";
		};
/* End PBXNativeTarget section */

/* Begin PBXProject section */
		4B3A651B1CF28DB100BF7A26 /* Project object */ = {
			isa = PBXProject;
			attributes = {
				LastSwiftUpdateCheck = 0730;
				LastUpgradeCheck = 0730;
				ORGANIZATIONNAME = sherry;
				TargetAttributes = {
					4B3A65221CF28DB100BF7A26 = {
						CreatedOnToolsVersion = 7.3;
					};
					4B3A65361CF28DB100BF7A26 = {
						CreatedOnToolsVersion = 7.3;
						TestTargetID = 4B3A65221CF28DB100BF7A26;
					};
					4B3A65411CF28DB100BF7A26 = {
						CreatedOnToolsVersion = 7.3;
						TestTargetID = 4B3A65221CF28DB100BF7A26;
					};
				};
			};
			buildConfigurationList = 4B3A651E1CF28DB100BF7A26 /* Build configuration list for PBXProject "SearchBarController" */;
			compatibilityVersion = "Xcode 3.2";
			developmentRegion = English;
			hasScannedForEncodings = 0;
			knownRegions = (
				en,
				Base,
			);
			mainGroup = 4B3A651A1CF28DB100BF7A26;
			productRefGroup = 4B3A65241CF28DB100BF7A26 /* Products */;
			projectDirPath = "";
			projectRoot = "";
			targets = (
				4B3A65221CF28DB100BF7A26 /* SearchBarController */,
				4B3A65361CF28DB100BF7A26 /* SearchBarControllerTests */,
				4B3A65411CF28DB100BF7A26 /* SearchBarControllerUITests */,
			);
		};
/* End PBXProject section */

/* Begin PBXResourcesBuildPhase section */
		4B3A65211CF28DB100BF7A26 /* Resources */ = {
			isa = PBXResourcesBuildPhase;
			buildActionMask = 2147483647;
			files = (
				4B3A65311CF28DB100BF7A26 /* LaunchScreen.storyboard in Resources */,
				4B3A652E1CF28DB100BF7A26 /* Assets.xcassets in Resources */,
				4B3A652C1CF28DB100BF7A26 /* Main.storyboard in Resources */,
			);
			runOnlyForDeploymentPostprocessing = 0;
		};
		4B3A65351CF28DB100BF7A26 /* Resources */ = {
			isa = PBXResourcesBuildPhase;
			buildActionMask = 2147483647;
			files = (
			);
			runOnlyForDeploymentPostprocessing = 0;
		};
		4B3A65401CF28DB100BF7A26 /* Resources */ = {
			isa = PBXResourcesBuildPhase;
			buildActionMask = 2147483647;
			files = (
			);
			runOnlyForDeploymentPostprocessing = 0;
		};
/* End PBXResourcesBuildPhase section */

/* Begin PBXSourcesBuildPhase section */
		4B3A651F1CF28DB100BF7A26 /* Sources */ = {
			isa = PBXSourcesBuildPhase;
			buildActionMask = 2147483647;
			files = (
				4B3A65291CF28DB100BF7A26 /* ViewController.swift in Sources */,
				4B3A65271CF28DB100BF7A26 /* AppDelegate.swift in Sources */,
			);
			runOnlyForDeploymentPostprocessing = 0;
		};
		4B3A65331CF28DB100BF7A26 /* Sources */ = {
			isa = PBXSourcesBuildPhase;
			buildActionMask = 2147483647;
			files = (
				4B3A653C1CF28DB100BF7A26 /* SearchBarControllerTests.swift in Sources */,
			);
			runOnlyForDeploymentPostprocessing = 0;
		};
		4B3A653E1CF28DB100BF7A26 /* Sources */ = {
			isa = PBXSourcesBuildPhase;
			buildActionMask = 2147483647;
			files = (
				4B3A65471CF28DB100BF7A26 /* SearchBarControllerUITests.swift in Sources */,
			);
			runOnlyForDeploymentPostprocessing = 0;
		};
/* End PBXSourcesBuildPhase section */

/* Begin PBXTargetDependency section */
		4B3A65391CF28DB100BF7A26 /* PBXTargetDependency */ = {
			isa = PBXTargetDependency;
			target = 4B3A65221CF28DB100BF7A26 /* SearchBarController */;
			targetProxy = 4B3A65381CF28DB100BF7A26 /* PBXContainerItemProxy */;
		};
		4B3A65441CF28DB100BF7A26 /* PBXTargetDependency */ = {
			isa = PBXTargetDependency;
			target = 4B3A65221CF28DB100BF7A26 /* SearchBarController */;
			targetProxy = 4B3A65431CF28DB100BF7A26 /* PBXContainerItemProxy */;
		};
/* End PBXTargetDependency section */

/* Begin PBXVariantGroup section */
		4B3A652A1CF28DB100BF7A26 /* Main.storyboard */ = {
			isa = PBXVariantGroup;
			children = (
				4B3A652B1CF28DB100BF7A26 /* Base */,
			);
			name = Main.storyboard;
			sourceTree = "<group>";
		};
		4B3A652F1CF28DB100BF7A26 /* LaunchScreen.storyboard */ = {
			isa = PBXVariantGroup;
			children = (
				4B3A65301CF28DB100BF7A26 /* Base */,
			);
			name = LaunchScreen.storyboard;
			sourceTree = "<group>";
		};
/* End PBXVariantGroup section */

/* Begin XCBuildConfiguration section */
		4B3A65491CF28DB100BF7A26 /* Debug */ = {
			isa = XCBuildConfiguration;
			buildSettings = {
				ALWAYS_SEARCH_USER_PATHS = NO;
				CLANG_ANALYZER_NONNULL = YES;
				CLANG_CXX_LANGUAGE_STANDARD = "gnu++0x";
				CLANG_CXX_LIBRARY = "libc++";
				CLANG_ENABLE_MODULES = YES;
				CLANG_ENABLE_OBJC_ARC = YES;
				CLANG_WARN_BOOL_CONVERSION = YES;
				CLANG_WARN_CONSTANT_CONVERSION = YES;
				CLANG_WARN_DIRECT_OBJC_ISA_USAGE = YES_ERROR;
				CLANG_WARN_EMPTY_BODY = YES;
				CLANG_WARN_ENUM_CONVERSION = YES;
				CLANG_WARN_INT_CONVERSION = YES;
				CLANG_WARN_OBJC_ROOT_CLASS = YES_ERROR;
				CLANG_WARN_UNREACHABLE_CODE = YES;
				CLANG_WARN__DUPLICATE_METHOD_MATCH = YES;
				"CODE_SIGN_IDENTITY[sdk=iphoneos*]" = "iPhone Developer";
				COPY_PHASE_STRIP = NO;
				DEBUG_INFORMATION_FORMAT = dwarf;
				ENABLE_STRICT_OBJC_MSGSEND = YES;
				ENABLE_TESTABILITY = YES;
				GCC_C_LANGUAGE_STANDARD = gnu99;
				GCC_DYNAMIC_NO_PIC = NO;
				GCC_NO_COMMON_BLOCKS = YES;
				GCC_OPTIMIZATION_LEVEL = 0;
				GCC_PREPROCESSOR_DEFINITIONS = (
					"DEBUG=1",
					"$(inherited)",
				);
				GCC_WARN_64_TO_32_BIT_CONVERSION = YES;
				GCC_WARN_ABOUT_RETURN_TYPE = YES_ERROR;
				GCC_WARN_UNDECLARED_SELECTOR = YES;
				GCC_WARN_UNINITIALIZED_AUTOS = YES_AGGRESSIVE;
				GCC_WARN_UNUSED_FUNCTION = YES;
				GCC_WARN_UNUSED_VARIABLE = YES;
				IPHONEOS_DEPLOYMENT_TARGET = 9.3;
				MTL_ENABLE_DEBUG_INFO = YES;
				ONLY_ACTIVE_ARCH = YES;
				SDKROOT = iphoneos;
				SWIFT_OPTIMIZATION_LEVEL = "-Onone";
			};
			name = Debug;
		};
		4B3A654A1CF28DB100BF7A26 /* Release */ = {
			isa = XCBuildConfiguration;
			buildSettings = {
				ALWAYS_SEARCH_USER_PATHS = NO;
				CLANG_ANALYZER_NONNULL = YES;
				CLANG_CXX_LANGUAGE_STANDARD = "gnu++0x";
				CLANG_CXX_LIBRARY = "libc++";
				CLANG_ENABLE_MODULES = YES;
				CLANG_ENABLE_OBJC_ARC = YES;
				CLANG_WARN_BOOL_CONVERSION = YES;
				CLANG_WARN_CONSTANT_CONVERSION = YES;
				CLANG_WARN_DIRECT_OBJC_ISA_USAGE = YES_ERROR;
				CLANG_WARN_EMPTY_BODY = YES;
				CLANG_WARN_ENUM_CONVERSION = YES;
				CLANG_WARN_INT_CONVERSION = YES;
				CLANG_WARN_OBJC_ROOT_CLASS = YES_ERROR;
				CLANG_WARN_UNREACHABLE_CODE = YES;
				CLANG_WARN__DUPLICATE_METHOD_MATCH = YES;
				"CODE_SIGN_IDENTITY[sdk=iphoneos*]" = "iPhone Developer";
				COPY_PHASE_STRIP = NO;
				DEBUG_INFORMATION_FORMAT = "dwarf-with-dsym";
				ENABLE_NS_ASSERTIONS = NO;
				ENABLE_STRICT_OBJC_MSGSEND = YES;
				GCC_C_LANGUAGE_STANDARD = gnu99;
				GCC_NO_COMMON_BLOCKS = YES;
				GCC_WARN_64_TO_32_BIT_CONVERSION = YES;
				GCC_WARN_ABOUT_RETURN_TYPE = YES_ERROR;
				GCC_WARN_UNDECLARED_SELECTOR = YES;
				GCC_WARN_UNINITIALIZED_AUTOS = YES_AGGRESSIVE;
				GCC_WARN_UNUSED_FUNCTION = YES;
				GCC_WARN_UNUSED_VARIABLE = YES;
				IPHONEOS_DEPLOYMENT_TARGET = 9.3;
				MTL_ENABLE_DEBUG_INFO = NO;
				SDKROOT = iphoneos;
				VALIDATE_PRODUCT = YES;
			};
			name = Release;
		};
		4B3A654C1CF28DB100BF7A26 /* Debug */ = {
			isa = XCBuildConfiguration;
			buildSettings = {
				ASSETCATALOG_COMPILER_APPICON_NAME = AppIcon;
				INFOPLIST_FILE = SearchBarController/Info.plist;
				LD_RUNPATH_SEARCH_PATHS = "$(inherited) @executable_path/Frameworks";
				PRODUCT_BUNDLE_IDENTIFIER = com.sherry.SearchBarController;
				PRODUCT_NAME = "$(TARGET_NAME)";
			};
			name = Debug;
		};
		4B3A654D1CF28DB100BF7A26 /* Release */ = {
			isa = XCBuildConfiguration;
			buildSettings = {
				ASSETCATALOG_COMPILER_APPICON_NAME = AppIcon;
				INFOPLIST_FILE = SearchBarController/Info.plist;
				LD_RUNPATH_SEARCH_PATHS = "$(inherited) @executable_path/Frameworks";
				PRODUCT_BUNDLE_IDENTIFIER = com.sherry.SearchBarController;
				PRODUCT_NAME = "$(TARGET_NAME)";
			};
			name = Release;
		};
		4B3A654F1CF28DB100BF7A26 /* Debug */ = {
			isa = XCBuildConfiguration;
			buildSettings = {
				BUNDLE_LOADER = "$(TEST_HOST)";
				INFOPLIST_FILE = SearchBarControllerTests/Info.plist;
				LD_RUNPATH_SEARCH_PATHS = "$(inherited) @executable_path/Frameworks @loader_path/Frameworks";
				PRODUCT_BUNDLE_IDENTIFIER = com.sherry.SearchBarControllerTests;
				PRODUCT_NAME = "$(TARGET_NAME)";
				TEST_HOST = "$(BUILT_PRODUCTS_DIR)/SearchBarController.app/SearchBarController";
			};
			name = Debug;
		};
		4B3A65501CF28DB100BF7A26 /* Release */ = {
			isa = XCBuildConfiguration;
			buildSettings = {
				BUNDLE_LOADER = "$(TEST_HOST)";
				INFOPLIST_FILE = SearchBarControllerTests/Info.plist;
				LD_RUNPATH_SEARCH_PATHS = "$(inherited) @executable_path/Frameworks @loader_path/Frameworks";
				PRODUCT_BUNDLE_IDENTIFIER = com.sherry.SearchBarControllerTests;
				PRODUCT_NAME = "$(TARGET_NAME)";
				TEST_HOST = "$(BUILT_PRODUCTS_DIR)/SearchBarController.app/SearchBarController";
			};
			name = Release;
		};
		4B3A65521CF28DB100BF7A26 /* Debug */ = {
			isa = XCBuildConfiguration;
			buildSettings = {
				INFOPLIST_FILE = SearchBarControllerUITests/Info.plist;
				LD_RUNPATH_SEARCH_PATHS = "$(inherited) @executable_path/Frameworks @loader_path/Frameworks";
				PRODUCT_BUNDLE_IDENTIFIER = com.sherry.SearchBarControllerUITests;
				PRODUCT_NAME = "$(TARGET_NAME)";
				TEST_TARGET_NAME = SearchBarController;
			};
			name = Debug;
		};
		4B3A65531CF28DB100BF7A26 /* Release */ = {
			isa = XCBuildConfiguration;
			buildSettings = {
				INFOPLIST_FILE = SearchBarControllerUITests/Info.plist;
				LD_RUNPATH_SEARCH_PATHS = "$(inherited) @executable_path/Frameworks @loader_path/Frameworks";
				PRODUCT_BUNDLE_IDENTIFIER = com.sherry.SearchBarControllerUITests;
				PRODUCT_NAME = "$(TARGET_NAME)";
				TEST_TARGET_NAME = SearchBarController;
			};
			name = Release;
		};
/* End XCBuildConfiguration section */

/* Begin XCConfigurationList section */
		4B3A651E1CF28DB100BF7A26 /* Build configuration list for PBXProject "SearchBarController" */ = {
			isa = XCConfigurationList;
			buildConfigurations = (
				4B3A65491CF28DB100BF7A26 /* Debug */,
				4B3A654A1CF28DB100BF7A26 /* Release */,
			);
			defaultConfigurationIsVisible = 0;
			defaultConfigurationName = Release;
		};
		4B3A654B1CF28DB100BF7A26 /* Build configuration list for PBXNativeTarget "SearchBarController" */ = {
			isa = XCConfigurationList;
			buildConfigurations = (
				4B3A654C1CF28DB100BF7A26 /* Debug */,
				4B3A654D1CF28DB100BF7A26 /* Release */,
			);
			defaultConfigurationIsVisible = 0;
		};
		4B3A654E1CF28DB100BF7A26 /* Build configuration list for PBXNativeTarget "SearchBarControllerTests" */ = {
			isa = XCConfigurationList;
			buildConfigurations = (
				4B3A654F1CF28DB100BF7A26 /* Debug */,
				4B3A65501CF28DB100BF7A26 /* Release */,
			);
			defaultConfigurationIsVisible = 0;
		};
		4B3A65511CF28DB100BF7A26 /* Build configuration list for PBXNativeTarget "SearchBarControllerUITests" */ = {
			isa = XCConfigurationList;
			buildConfigurations = (
				4B3A65521CF28DB100BF7A26 /* Debug */,
				4B3A65531CF28DB100BF7A26 /* Release */,
			);
			defaultConfigurationIsVisible = 0;
		};
/* End XCConfigurationList section */
	};
	rootObject = 4B3A651B1CF28DB100BF7A26 /* Project object */;
}
